{
  "name": "RestauranteApi",
  "lockfileVersion": 3,
  "requires": true,
  "packages": {
    "": {
      "dependencies": {
        "sweetalert2": "^11.26.21"
      }
    },
    "node_modules/sweetalert2": {
      "version": "11.26.21",
      "resolved": "https://registry.npmjs.org/sweetalert2/-/sweetalert2-11.26.21.tgz",
      "integrity": "sha512-apfAIHg5DOOnPqUIJc+aAsDplpfHliAnVl7zqLfhQiWaYDew46pg4ZZMLJhbVbjdOdMV+PKG5ulkKzNqvcSViQ==",
      "license": "MIT",
      "funding": {
        "type": "individual",
        "url": "https://github.com/sponsors/limonte"
      }
    }
  }
}
